
Microsoft Visual Studio Solution File, Format Version 12.00
# Visual Studio Version 17
VisualStudioVersion = 17.4.33205.214
MinimumVisualStudioVersion = 10.0.40219.1
Project("{FAE04EC0-301F-11D3-BF4B-00C04F79EFBC}") = "DesignPattern", "DesignPattern\DesignPattern.csproj", "{1E3A4A7D-0E2B-4000-AFCA-557E80F0E8FA}"
EndProject
Global
	GlobalSection(SolutionConfigurationPlatforms) = preSolution
		Debug|Any CPU = Debug|Any CPU
		Release|Any CPU = Release|Any CPU
	EndGlobalSection
	GlobalSection(ProjectConfigurationPlatforms) = postSolution
		{1E3A4A7D-0E2B-4000-AFCA-557E80F0E8FA}.Debug|Any CPU.ActiveCfg = Debug|Any CPU
		{1E3A4A7D-0E2B-4000-AFCA-557E80F0E8FA}.Debug|Any CPU.Build.0 = Debug|Any CPU
		{1E3A4A7D-0E2B-4000-AFCA-557E80F0E8FA}.Release|Any CPU.ActiveCfg = Release|Any CPU
		{1E3A4A7D-0E2B-4000-AFCA-557E80F0E8FA}.Release|Any CPU.Build.0 = Release|Any CPU
	EndGlobalSection
	GlobalSection(SolutionProperties) = preSolution
		HideSolutionNode = FALSE
	EndGlobalSection
	GlobalSection(ExtensibilityGlobals) = postSolution
		SolutionGuid = {AA266753-F559-4B37-ACA2-023CEF8DC721}
	EndGlobalSection
EndGlobal
